
Microsoft Visual Studio Solution File, Format Version 12.00
# Visual Studio 15
VisualStudioVersion = 15.0.26430.13
MinimumVisualStudioVersion = 10.0.40219.1
Project("{FAE04EC0-301F-11D3-BF4B-00C04F79EFBC}") = "MyBanGumiSys", "MyBanGumiSys\MyBanGumiSys.csproj", "{E7EBC76F-30A8-4F9F-8091-4D21CFFDB30B}"
EndProject
Project("{2150E333-8FDC-42A3-9474-1A3956D46DE8}") = "Solution Items", "Solution Items", "{30BFD1D3-3CAA-4D57-AFA6-00E952368D79}"
	ProjectSection(SolutionItems) = preProject
		MyBanGumiSys\MainForm.cs = MyBanGumiSys\MainForm.cs
	EndProjectSection
EndProject
Global
	GlobalSection(SolutionConfigurationPlatforms) = preSolution
		Debug|Any CPU = Debug|Any CPU
		Release|Any CPU = Release|Any CPU
	EndGlobalSection
	GlobalSection(ProjectConfigurationPlatforms) = postSolution
		{E7EBC76F-30A8-4F9F-8091-4D21CFFDB30B}.Debug|Any CPU.ActiveCfg = Debug|Any CPU
		{E7EBC76F-30A8-4F9F-8091-4D21CFFDB30B}.Debug|Any CPU.Build.0 = Debug|Any CPU
		{E7EBC76F-30A8-4F9F-8091-4D21CFFDB30B}.Release|Any CPU.ActiveCfg = Release|Any CPU
		{E7EBC76F-30A8-4F9F-8091-4D21CFFDB30B}.Release|Any CPU.Build.0 = Release|Any CPU
	EndGlobalSection
	GlobalSection(SolutionProperties) = preSolution
		HideSolutionNode = FALSE
	EndGlobalSection
EndGlobal
